
Microsoft Visual Studio Solution File, Format Version 12.00
Project("{FAE04EC0-301F-11D3-BF4B-00C04F79EFBC}") = "Api", "Api\Api.csproj", "{BC690F0C-D8F1-4EF7-BC8F-A60883369308}"
EndProject
Project("{FAE04EC0-301F-11D3-BF4B-00C04F79EFBC}") = "Model", "Model\Model.csproj", "{2EB64E44-387C-4876-B2F5-1FCA072A1D75}"
EndProject
Project("{FAE04EC0-301F-11D3-BF4B-00C04F79EFBC}") = "Services", "Services\Services.csproj", "{87A29A53-F898-4248-B515-DA6802FF68C5}"
EndProject
Project("{FAE04EC0-301F-11D3-BF4B-00C04F79EFBC}") = "RootCertGenerator", "RootCertGenerator\RootCertGenerator.csproj", "{B1FEDA51-4A38-4C64-B1B3-1854CA463E81}"
EndProject
Global
	GlobalSection(SolutionConfigurationPlatforms) = preSolution
		Debug|Any CPU = Debug|Any CPU
		Release|Any CPU = Release|Any CPU
	EndGlobalSection
	GlobalSection(ProjectConfigurationPlatforms) = postSolution
		{BC690F0C-D8F1-4EF7-BC8F-A60883369308}.Debug|Any CPU.ActiveCfg = Debug|Any CPU
		{BC690F0C-D8F1-4EF7-BC8F-A60883369308}.Debug|Any CPU.Build.0 = Debug|Any CPU
		{BC690F0C-D8F1-4EF7-BC8F-A60883369308}.Release|Any CPU.ActiveCfg = Release|Any CPU
		{BC690F0C-D8F1-4EF7-BC8F-A60883369308}.Release|Any CPU.Build.0 = Release|Any CPU
		{2EB64E44-387C-4876-B2F5-1FCA072A1D75}.Debug|Any CPU.ActiveCfg = Debug|Any CPU
		{2EB64E44-387C-4876-B2F5-1FCA072A1D75}.Debug|Any CPU.Build.0 = Debug|Any CPU
		{2EB64E44-387C-4876-B2F5-1FCA072A1D75}.Release|Any CPU.ActiveCfg = Release|Any CPU
		{2EB64E44-387C-4876-B2F5-1FCA072A1D75}.Release|Any CPU.Build.0 = Release|Any CPU
		{87A29A53-F898-4248-B515-DA6802FF68C5}.Debug|Any CPU.ActiveCfg = Debug|Any CPU
		{87A29A53-F898-4248-B515-DA6802FF68C5}.Debug|Any CPU.Build.0 = Debug|Any CPU
		{87A29A53-F898-4248-B515-DA6802FF68C5}.Release|Any CPU.ActiveCfg = Release|Any CPU
		{87A29A53-F898-4248-B515-DA6802FF68C5}.Release|Any CPU.Build.0 = Release|Any CPU
		{B1FEDA51-4A38-4C64-B1B3-1854CA463E81}.Debug|Any CPU.ActiveCfg = Debug|Any CPU
		{B1FEDA51-4A38-4C64-B1B3-1854CA463E81}.Debug|Any CPU.Build.0 = Debug|Any CPU
		{B1FEDA51-4A38-4C64-B1B3-1854CA463E81}.Release|Any CPU.ActiveCfg = Release|Any CPU
		{B1FEDA51-4A38-4C64-B1B3-1854CA463E81}.Release|Any CPU.Build.0 = Release|Any CPU
	EndGlobalSection
EndGlobal
